
Microsoft Visual Studio Solution File, Format Version 12.00
# Visual Studio Version 16
VisualStudioVersion = 16.0.30320.27
MinimumVisualStudioVersion = 10.0.40219.1
Project("{9A19103F-16F7-4668-BE54-9A1E7A4F7556}") = "AttacheFileManager", "AttacheFileManager\AttacheFileManager.csproj", "{7DE27300-280F-43F9-84C2-91C85927F1AB}"
EndProject
Project("{9A19103F-16F7-4668-BE54-9A1E7A4F7556}") = "All", "All\All.csproj", "{1F8476C9-4432-41B8-90E3-94F9BE114500}"
EndProject
Project("{00D1A9C2-B5F0-4AF3-8072-F6C62B433612}") = "AttachFileManager.Database", "AttachFileManager.Database\AttachFileManager.Database.sqlproj", "{64D4D08A-6E9A-47A0-BF0C-EEE245B14C86}"
EndProject
Global
	GlobalSection(SolutionConfigurationPlatforms) = preSolution
		Debug|Any CPU = Debug|Any CPU
		Release|Any CPU = Release|Any CPU
	EndGlobalSection
	GlobalSection(ProjectConfigurationPlatforms) = postSolution
		{7DE27300-280F-43F9-84C2-91C85927F1AB}.Debug|Any CPU.ActiveCfg = Debug|Any CPU
		{7DE27300-280F-43F9-84C2-91C85927F1AB}.Debug|Any CPU.Build.0 = Debug|Any CPU
		{7DE27300-280F-43F9-84C2-91C85927F1AB}.Release|Any CPU.ActiveCfg = Release|Any CPU
		{7DE27300-280F-43F9-84C2-91C85927F1AB}.Release|Any CPU.Build.0 = Release|Any CPU
		{1F8476C9-4432-41B8-90E3-94F9BE114500}.Debug|Any CPU.ActiveCfg = Debug|Any CPU
		{1F8476C9-4432-41B8-90E3-94F9BE114500}.Debug|Any CPU.Build.0 = Debug|Any CPU
		{1F8476C9-4432-41B8-90E3-94F9BE114500}.Release|Any CPU.ActiveCfg = Release|Any CPU
		{1F8476C9-4432-41B8-90E3-94F9BE114500}.Release|Any CPU.Build.0 = Release|Any CPU
		{64D4D08A-6E9A-47A0-BF0C-EEE245B14C86}.Debug|Any CPU.ActiveCfg = Debug|Any CPU
		{64D4D08A-6E9A-47A0-BF0C-EEE245B14C86}.Debug|Any CPU.Build.0 = Debug|Any CPU
		{64D4D08A-6E9A-47A0-BF0C-EEE245B14C86}.Debug|Any CPU.Deploy.0 = Debug|Any CPU
		{64D4D08A-6E9A-47A0-BF0C-EEE245B14C86}.Release|Any CPU.ActiveCfg = Release|Any CPU
		{64D4D08A-6E9A-47A0-BF0C-EEE245B14C86}.Release|Any CPU.Build.0 = Release|Any CPU
		{64D4D08A-6E9A-47A0-BF0C-EEE245B14C86}.Release|Any CPU.Deploy.0 = Release|Any CPU
	EndGlobalSection
	GlobalSection(SolutionProperties) = preSolution
		HideSolutionNode = FALSE
	EndGlobalSection
	GlobalSection(ExtensibilityGlobals) = postSolution
		SolutionGuid = {D8D87D45-0425-4E4A-B64F-830970320D26}
	EndGlobalSection
EndGlobal
